
Microsoft Visual Studio Solution File, Format Version 12.00
# Visual Studio Version 17
VisualStudioVersion = 17.0.32112.339
MinimumVisualStudioVersion = 10.0.40219.1
Project("{FAE04EC0-301F-11D3-BF4B-00C04F79EFBC}") = "PartnerTaskApp", "PartnerTaskApp\PartnerTaskApp.csproj", "{43FB8C93-C1C1-4944-9232-7B634AC5D9C2}"
EndProject
Global
	GlobalSection(SolutionConfigurationPlatforms) = preSolution
		Debug|Any CPU = Debug|Any CPU
		Release|Any CPU = Release|Any CPU
	EndGlobalSection
	GlobalSection(ProjectConfigurationPlatforms) = postSolution
		{43FB8C93-C1C1-4944-9232-7B634AC5D9C2}.Debug|Any CPU.ActiveCfg = Debug|Any CPU
		{43FB8C93-C1C1-4944-9232-7B634AC5D9C2}.Debug|Any CPU.Build.0 = Debug|Any CPU
		{43FB8C93-C1C1-4944-9232-7B634AC5D9C2}.Release|Any CPU.ActiveCfg = Release|Any CPU
		{43FB8C93-C1C1-4944-9232-7B634AC5D9C2}.Release|Any CPU.Build.0 = Release|Any CPU
	EndGlobalSection
	GlobalSection(SolutionProperties) = preSolution
		HideSolutionNode = FALSE
	EndGlobalSection
	GlobalSection(ExtensibilityGlobals) = postSolution
		SolutionGuid = {5DB5E7B4-BCB9-4B24-9C8B-9232FE7103C3}
	EndGlobalSection
EndGlobal
